PODS:
  - Flutter (1.0.0)
  - flutter_sensors (0.0.1):
    - Flutter

DEPENDENCIES:
  - Flutter (from `Flutter`)
  - flutter_sensors (from `.symlinks/plugins/flutter_sensors/ios`)

EXTERNAL SOURCES:
  Flutter:
    :path: Flutter
  flutter_sensors:
    :path: ".symlinks/plugins/flutter_sensors/ios"

SPEC CHECKSUMS:
  Flutter: 434fef37c0980e73bb6479ef766c45957d4b510c
  flutter_sensors: dc6eed3291e7724bf8f4138d7d14c4071b42bd29

PODFILE CHECKSUM: e9d2e36fdb111ed27aa58aa68798042a4da5c3d8

COCOAPODS: 1.10.1
